
Microsoft Visual Studio Solution File, Format Version 12.00
# Visual Studio Version 17
VisualStudioVersion = 17.13.35806.99 d17.13
MinimumVisualStudioVersion = 10.0.40219.1
Project("{FAE04EC0-301F-11D3-BF4B-00C04F79EFBC}") = "Calculator", "Calculator\Calculator.csproj", "{35F67DCF-3417-4C42-9DB6-E0EA98E740E3}"
EndProject
Global
	GlobalSection(SolutionConfigurationPlatforms) = preSolution
		Debug|Any CPU = Debug|Any CPU
		Release|Any CPU = Release|Any CPU
	EndGlobalSection
	GlobalSection(ProjectConfigurationPlatforms) = postSolution
		{35F67DCF-3417-4C42-9DB6-E0EA98E740E3}.Debug|Any CPU.ActiveCfg = Debug|Any CPU
		{35F67DCF-3417-4C42-9DB6-E0EA98E740E3}.Debug|Any CPU.Build.0 = Debug|Any CPU
		{35F67DCF-3417-4C42-9DB6-E0EA98E740E3}.Release|Any CPU.ActiveCfg = Release|Any CPU
		{35F67DCF-3417-4C42-9DB6-E0EA98E740E3}.Release|Any CPU.Build.0 = Release|Any CPU
	EndGlobalSection
	GlobalSection(SolutionProperties) = preSolution
		HideSolutionNode = FALSE
	EndGlobalSection
	GlobalSection(ExtensibilityGlobals) = postSolution
		SolutionGuid = {1D0FCA29-285D-4484-8FD0-4104D5B3505E}
	EndGlobalSection
EndGlobal
